[[tools."cargo:cargo-audit"]]
version = "0.22.1"
backend = "cargo:cargo-audit"

[[tools."cargo:cargo-features"]]
version = "1.0.0"
backend = "cargo:cargo-features"

[[tools."cargo:cargo-features-manager"]]
version = "0.11.1"
backend = "cargo:cargo-features-manager"

[[tools."cargo:cargo-insta"]]
version = "1.46.3"
backend = "cargo:cargo-insta"

[[tools."cargo:cargo-nextest"]]
version = "0.9.126"
backend = "cargo:cargo-nextest"

[[tools."cargo:cargo-shear"]]
version = "1.9.1"
backend = "cargo:cargo-shear"

[[tools."cargo:cargo-vet"]]
version = "0.10.2"
backend = "cargo:cargo-vet"

[[tools."cargo:diesel-cli"]]
version = "2.3.6"
backend = "cargo:diesel-cli"

[tools."cargo:diesel-cli".options]
default-features = "false"
features = "sqlite,sqlite-bundled"

[[tools."cargo:diesel_cli"]]
version = "2.3.6"
backend = "cargo:diesel_cli"

[tools."cargo:diesel_cli".options]
default-features = "false"
features = "sqlite,sqlite-bundled"

[[tools."cargo:rinf_cli"]]
version = "8.9.1"
backend = "cargo:rinf_cli"

[[tools.flutter]]
version = "3.38.9-stable"
backend = "asdf:flutter"

[[tools.protoc]]
version = "29.6"
backend = "aqua:protocolbuffers/protobuf/protoc"
"platforms.linux-arm64" = { checksum = "sha256:2594ff4fcae8cb57310d394d0961b236190ad9c5efbfdf1f597ea471d424fe79", url = "https://github.com/protocolbuffers/protobuf/releases/download/v29.6/protoc-29.6-linux-aarch_64.zip"}
"platforms.linux-x64" = { checksum = "sha256:48785a926e73ffa3f68e2f22b14e7b849620c7a1d36809ac9249a5495e280323", url = "https://github.com/protocolbuffers/protobuf/releases/download/v29.6/protoc-29.6-linux-x86_64.zip"}
"platforms.macos-arm64" = { checksum = "sha256:b9576b5fa1a1ef3fe13a8c91d9d8204b46545759bea5ae155cd6ba2ea4cdaeed", url = "https://github.com/protocolbuffers/protobuf/releases/download/v29.6/protoc-29.6-osx-aarch_64.zip"}
"platforms.macos-x64" = { checksum = "sha256:312f04713946921cc0187ef34df80241ddca1bab6f564c636885fd2cc90d3f88", url = "https://github.com/protocolbuffers/protobuf/releases/download/v29.6/protoc-29.6-osx-x86_64.zip"}
"platforms.windows-x64" = { checksum = "sha256:1ebd7c87baffb9f1c47169b640872bf5fb1e4408079c691af527be9561d8f6f7", url = "https://github.com/protocolbuffers/protobuf/releases/download/v29.6/protoc-29.6-win64.zip"}

[[tools.python]]
version = "3.14.3"
backend = "core:python"
"platforms.linux-arm64" = { checksum = "sha256:be0f4dc2932f762292b27d46ea7d3e8e66ddf3969a5eb0254a229015ed402625", url = "https://github.com/astral-sh/python-build-standalone/releases/download/20260303/cpython-3.14.3+20260303-aarch64-unknown-linux-gnu-install_only_stripped.tar.gz"}
"platforms.linux-x64" = { checksum = "sha256:0a73413f89efd417871876c9accaab28a9d1e3cd6358fbfff171a38ec99302f0", url = "https://github.com/astral-sh/python-build-standalone/releases/download/20260303/cpython-3.14.3+20260303-x86_64-unknown-linux-gnu-install_only_stripped.tar.gz"}
"platforms.macos-arm64" = { checksum = "sha256:4703cdf18b26798fde7b49b6b66149674c25f97127be6a10dbcf29309bdcdcdb", url = "https://github.com/astral-sh/python-build-standalone/releases/download/20260303/cpython-3.14.3+20260303-aarch64-apple-darwin-install_only_stripped.tar.gz"}
"platforms.macos-x64" = { checksum = "sha256:76f1cc26e3d262eae8ca546a93e8bded10cf0323613f7e246fea2e10a8115eb7", url = "https://github.com/astral-sh/python-build-standalone/releases/download/20260303/cpython-3.14.3+20260303-x86_64-apple-darwin-install_only_stripped.tar.gz"}
"platforms.windows-x64" = { checksum = "sha256:950c5f21a015c1bdd1337f233456df2470fab71e4d794407d27a84cb8b9909a0", url = "https://github.com/astral-sh/python-build-standalone/releases/download/20260303/cpython-3.14.3+20260303-x86_64-pc-windows-msvc-install_only_stripped.tar.gz"}

[[tools.rust]]
version = "1.93.0"
backend = "core:rust"
