# @generated - this file is auto-generated by `mise lock` https://mise.jdx.dev/dev-tools/mise-lock.html

[[tools.ast-grep]]
version = "0.42.1"
backend = "aqua:ast-grep/ast-grep"

[tools.ast-grep."platforms.linux-arm64"]
checksum = "sha256:3ba383839044cf9817929435f5ce0027f91d06931e8efb32d942e58d73d92be5"
url = "https://github.com/ast-grep/ast-grep/releases/download/0.42.1/app-aarch64-unknown-linux-gnu.zip"

[tools.ast-grep."platforms.linux-arm64-musl"]
checksum = "sha256:3ba383839044cf9817929435f5ce0027f91d06931e8efb32d942e58d73d92be5"
url = "https://github.com/ast-grep/ast-grep/releases/download/0.42.1/app-aarch64-unknown-linux-gnu.zip"

[tools.ast-grep."platforms.linux-x64"]
checksum = "sha256:5de8b87cba67fc8dc3e239d54b6484802ad745a7ae3de76be4fe89661dc52657"
url = "https://github.com/ast-grep/ast-grep/releases/download/0.42.1/app-x86_64-unknown-linux-gnu.zip"

[tools.ast-grep."platforms.linux-x64-musl"]
checksum = "sha256:5de8b87cba67fc8dc3e239d54b6484802ad745a7ae3de76be4fe89661dc52657"
url = "https://github.com/ast-grep/ast-grep/releases/download/0.42.1/app-x86_64-unknown-linux-gnu.zip"

[tools.ast-grep."platforms.macos-arm64"]
checksum = "sha256:c3961d8e8a4ee0ce2d0d98c7beeb168bb331cdc766b53630118a7b6c4fd39015"
url = "https://github.com/ast-grep/ast-grep/releases/download/0.42.1/app-aarch64-apple-darwin.zip"

[tools.ast-grep."platforms.macos-x64"]
checksum = "sha256:a038965bfd7fe44257c771cdf8918dc3467dd8ec0eef673b8b14f639b144cdbd"
url = "https://github.com/ast-grep/ast-grep/releases/download/0.42.1/app-x86_64-apple-darwin.zip"

[tools.ast-grep."platforms.windows-x64"]
checksum = "sha256:fe34f631bb24c08ad146f92ca2a92971a53d179461b509fd8d32dc863bff9f83"
url = "https://github.com/ast-grep/ast-grep/releases/download/0.42.1/app-x86_64-pc-windows-msvc.zip"

[[tools."cargo:cargo-audit"]]
version = "0.22.1"
backend = "cargo:cargo-audit"

[[tools."cargo:cargo-edit"]]
version = "0.13.10"
backend = "cargo:cargo-edit"

[[tools."cargo:cargo-features-manager"]]
version = "0.12.0"
backend = "cargo:cargo-features-manager"

[[tools."cargo:cargo-insta"]]
version = "1.47.2"
backend = "cargo:cargo-insta"

[[tools."cargo:cargo-mutants"]]
version = "27.0.0"
backend = "cargo:cargo-mutants"

[[tools."cargo:cargo-nextest"]]
version = "0.9.133"
backend = "cargo:cargo-nextest"

[[tools."cargo:cargo-shear"]]
version = "1.11.2"
backend = "cargo:cargo-shear"

[[tools."cargo:cargo-vet"]]
version = "0.10.2"
backend = "cargo:cargo-vet"

[[tools."cargo:diesel_cli"]]
version = "2.3.7"
backend = "cargo:diesel_cli"

[tools."cargo:diesel_cli".options]
default-features = "false"
features = "sqlite,sqlite-bundled"

[[tools."cargo:flutter_rust_bridge_codegen"]]
version = "2.12.0"
backend = "cargo:flutter_rust_bridge_codegen"

[[tools.flutter]]
version = "3.41.7-stable"
backend = "asdf:flutter"

[[tools.protoc]]
version = "29.6"
backend = "aqua:protocolbuffers/protobuf/protoc"

[tools.protoc."platforms.linux-arm64"]
checksum = "sha256:2594ff4fcae8cb57310d394d0961b236190ad9c5efbfdf1f597ea471d424fe79"
url = "https://github.com/protocolbuffers/protobuf/releases/download/v29.6/protoc-29.6-linux-aarch_64.zip"

[tools.protoc."platforms.linux-arm64-musl"]
checksum = "sha256:2594ff4fcae8cb57310d394d0961b236190ad9c5efbfdf1f597ea471d424fe79"
url = "https://github.com/protocolbuffers/protobuf/releases/download/v29.6/protoc-29.6-linux-aarch_64.zip"

[tools.protoc."platforms.linux-x64"]
checksum = "sha256:48785a926e73ffa3f68e2f22b14e7b849620c7a1d36809ac9249a5495e280323"
url = "https://github.com/protocolbuffers/protobuf/releases/download/v29.6/protoc-29.6-linux-x86_64.zip"

[tools.protoc."platforms.linux-x64-musl"]
checksum = "sha256:48785a926e73ffa3f68e2f22b14e7b849620c7a1d36809ac9249a5495e280323"
url = "https://github.com/protocolbuffers/protobuf/releases/download/v29.6/protoc-29.6-linux-x86_64.zip"

[tools.protoc."platforms.macos-arm64"]
checksum = "sha256:b9576b5fa1a1ef3fe13a8c91d9d8204b46545759bea5ae155cd6ba2ea4cdaeed"
url = "https://github.com/protocolbuffers/protobuf/releases/download/v29.6/protoc-29.6-osx-aarch_64.zip"

[tools.protoc."platforms.macos-x64"]
checksum = "sha256:312f04713946921cc0187ef34df80241ddca1bab6f564c636885fd2cc90d3f88"
url = "https://github.com/protocolbuffers/protobuf/releases/download/v29.6/protoc-29.6-osx-x86_64.zip"

[tools.protoc."platforms.windows-x64"]
checksum = "sha256:1ebd7c87baffb9f1c47169b640872bf5fb1e4408079c691af527be9561d8f6f7"
url = "https://github.com/protocolbuffers/protobuf/releases/download/v29.6/protoc-29.6-win64.zip"

[[tools.python]]
version = "3.14.4"
backend = "core:python"

[tools.python."platforms.linux-arm64"]
checksum = "sha256:b8b597fdb2f8dccdc502c11947b60a4b65eb6bce79cfa60c7ccf9b6e8352c60a"
url = "https://github.com/astral-sh/python-build-standalone/releases/download/20260414/cpython-3.14.4+20260414-aarch64-unknown-linux-gnu-install_only_stripped.tar.gz"
provenance = "github-attestations"

[tools.python."platforms.linux-arm64-musl"]
checksum = "sha256:b8b597fdb2f8dccdc502c11947b60a4b65eb6bce79cfa60c7ccf9b6e8352c60a"
url = "https://github.com/astral-sh/python-build-standalone/releases/download/20260414/cpython-3.14.4+20260414-aarch64-unknown-linux-gnu-install_only_stripped.tar.gz"
provenance = "github-attestations"

[tools.python."platforms.linux-x64"]
checksum = "sha256:fe9a9c32d13870af632cbac3dfc7528ae53597e94472aa4c7d6a42e8166136cd"
url = "https://github.com/astral-sh/python-build-standalone/releases/download/20260414/cpython-3.14.4+20260414-x86_64-unknown-linux-gnu-install_only_stripped.tar.gz"
provenance = "github-attestations"

[tools.python."platforms.linux-x64-musl"]
checksum = "sha256:fe9a9c32d13870af632cbac3dfc7528ae53597e94472aa4c7d6a42e8166136cd"
url = "https://github.com/astral-sh/python-build-standalone/releases/download/20260414/cpython-3.14.4+20260414-x86_64-unknown-linux-gnu-install_only_stripped.tar.gz"
provenance = "github-attestations"

[tools.python."platforms.macos-arm64"]
checksum = "blake3:0314ec66e0f33ec04959583b5900bc8edae371a396aa96b8874e750d1fe936e6"
url = "https://github.com/astral-sh/python-build-standalone/releases/download/20260414/cpython-3.14.4+20260414-aarch64-apple-darwin-install_only_stripped.tar.gz"
provenance = "github-attestations"

[tools.python."platforms.macos-x64"]
checksum = "sha256:d51250a32fa5d9f0799c7bcb71720c27b10a3afd4a7de288120f96085d508a5a"
url = "https://github.com/astral-sh/python-build-standalone/releases/download/20260414/cpython-3.14.4+20260414-x86_64-apple-darwin-install_only_stripped.tar.gz"
provenance = "github-attestations"

[tools.python."platforms.windows-x64"]
checksum = "sha256:a976991dcd085c1bb5d9a8084823a6bc8b7f9b079d8c432574a6ddd68c3a6fe1"
url = "https://github.com/astral-sh/python-build-standalone/releases/download/20260414/cpython-3.14.4+20260414-x86_64-pc-windows-msvc-install_only_stripped.tar.gz"
provenance = "github-attestations"

[[tools.rust]]
version = "1.95.0"
backend = "core:rust"
