PODS:
  - biometric_signature (11.0.1):
    - FlutterMacOS
  - cryptography_flutter (0.0.1):
    - FlutterMacOS
  - flutter_secure_storage_darwin (10.0.0):
    - Flutter
    - FlutterMacOS
  - FlutterMacOS (1.0.0)
  - rive_native (0.0.1):
    - FlutterMacOS
  - share_plus (0.0.1):
    - FlutterMacOS

DEPENDENCIES:
  - biometric_signature (from `Flutter/ephemeral/.symlinks/plugins/biometric_signature/macos`)
  - cryptography_flutter (from `Flutter/ephemeral/.symlinks/plugins/cryptography_flutter/macos`)
  - flutter_secure_storage_darwin (from `Flutter/ephemeral/.symlinks/plugins/flutter_secure_storage_darwin/darwin`)
  - FlutterMacOS (from `Flutter/ephemeral`)
  - rive_native (from `Flutter/ephemeral/.symlinks/plugins/rive_native/macos`)
  - share_plus (from `Flutter/ephemeral/.symlinks/plugins/share_plus/macos`)

EXTERNAL SOURCES:
  biometric_signature:
    :path: Flutter/ephemeral/.symlinks/plugins/biometric_signature/macos
  cryptography_flutter:
    :path: Flutter/ephemeral/.symlinks/plugins/cryptography_flutter/macos
  flutter_secure_storage_darwin:
    :path: Flutter/ephemeral/.symlinks/plugins/flutter_secure_storage_darwin/darwin
  FlutterMacOS:
    :path: Flutter/ephemeral
  rive_native:
    :path: Flutter/ephemeral/.symlinks/plugins/rive_native/macos
  share_plus:
    :path: Flutter/ephemeral/.symlinks/plugins/share_plus/macos

SPEC CHECKSUMS:
  biometric_signature: bae0597fffbc51252959e78b56a2f5afb8d4e1f5
  cryptography_flutter: be2b3e0e31603521b6a1c2bea232a88a2488a91c
  flutter_secure_storage_darwin: acdb3f316ed05a3e68f856e0353b133eec373a23
  FlutterMacOS: d0db08ddef1a9af05a5ec4b724367152bb0500b1
  rive_native: 1c53d33e44c2b54424810effea4590671dd220c7
  share_plus: 510bf0af1a42cd602274b4629920c9649c52f4cc

PODFILE CHECKSUM: 224cb1c0d6f5312abfc2477bcb5c7f1fca2574fb

COCOAPODS: 1.16.2
